// !$*UTF8*$!
{
	archiveVersion = 1;
	classes = {
	};
	objectVersion = 55;
	objects = {

/* Begin PBXBuildFile section */
		5B30D12E71F29EEA53ED546D /* Pods_GETHUB.framework in Frameworks */ = {isa = PBXBuildFile; fileRef = DC26C9E784C1435FABEC4F30 /* Pods_GETHUB.framework */; };
		6B99EDA3C995477E8E282F91 /* Pods_GETHUB_GETHUBUITests.framework in Frameworks */ = {isa = PBXBuildFile; fileRef = F64D265917E26F4C062C1C6E /* Pods_GETHUB_GETHUBUITests.framework */; };
		C8BF41C5270DBD6100F20DB2 /* AppDelegate.swift in Sources */ = {isa = PBXBuildFile; fileRef = C8BF41C4270DBD6100F20DB2 /* AppDelegate.swift */; };
		C8BF41C7270DBD6100F20DB2 /* SceneDelegate.swift in Sources */ = {isa = PBXBuildFile; fileRef = C8BF41C6270DBD6100F20DB2 /* SceneDelegate.swift */; };
		C8BF41CE270DBD6400F20DB2 /* Assets.xcassets in Resources */ = {isa = PBXBuildFile; fileRef = C8BF41CD270DBD6400F20DB2 /* Assets.xcassets */; };
		C8BF41D1270DBD6400F20DB2 /* LaunchScreen.storyboard in Resources */ = {isa = PBXBuildFile; fileRef = C8BF41CF270DBD6400F20DB2 /* LaunchScreen.storyboard */; };
		C8BF41DC270DBD6400F20DB2 /* GETHUBTests.swift in Sources */ = {isa = PBXBuildFile; fileRef = C8BF41DB270DBD6400F20DB2 /* GETHUBTests.swift */; };
		C8BF41E6270DBD6400F20DB2 /* GETHUBUITests.swift in Sources */ = {isa = PBXBuildFile; fileRef = C8BF41E5270DBD6400F20DB2 /* GETHUBUITests.swift */; };
		C8BF41E8270DBD6400F20DB2 /* GETHUBUITestsLaunchTests.swift in Sources */ = {isa = PBXBuildFile; fileRef = C8BF41E7270DBD6400F20DB2 /* GETHUBUITestsLaunchTests.swift */; };
		C8BF41F9270EE0EA00F20DB2 /* githubNameViewController.swift in Sources */ = {isa = PBXBuildFile; fileRef = C8BF41F8270EE0EA00F20DB2 /* githubNameViewController.swift */; };
		C8BF41FD270FEC3900F20DB2 /* showAPIViewController.swift in Sources */ = {isa = PBXBuildFile; fileRef = C8BF41FC270FEC3900F20DB2 /* showAPIViewController.swift */; };
		C8BF42002715CB7300F20DB2 /* OctoKit in Frameworks */ = {isa = PBXBuildFile; productRef = C8BF41FF2715CB7300F20DB2 /* OctoKit */; };
		CA6174C46C4BD4ADDB383B25 /* Pods_GETHUBTests.framework in Frameworks */ = {isa = PBXBuildFile; fileRef = 64DCD15F79F296741DA64D0F /* Pods_GETHUBTests.framework */; };
/* End PBXBuildFile section */

/* Begin PBXContainerItemProxy section */
		C8BF41D8270DBD6400F20DB2 /* PBXContainerItemProxy */ = {
			isa = PBXContainerItemProxy;
			containerPortal = C8BF41B9270DBD6100F20DB2 /* Project object */;
			proxyType = 1;
			remoteGlobalIDString = C8BF41C0270DBD6100F20DB2;
			remoteInfo = GETHUB;
		};
		C8BF41E2270DBD6400F20DB2 /* PBXContainerItemProxy */ = {
			isa = PBXContainerItemProxy;
			containerPortal = C8BF41B9270DBD6100F20DB2 /* Project object */;
			proxyType = 1;
			remoteGlobalIDString = C8BF41C0270DBD6100F20DB2;
			remoteInfo = GETHUB;
		};
/* End PBXContainerItemProxy section */

/* Begin PBXFileReference section */
		099D39ED52F381800094AF40 /* Pods-GETHUB.release.xcconfig */ = {isa = PBXFileReference; includeInIndex = 1; lastKnownFileType = text.xcconfig; name = "Pods-GETHUB.release.xcconfig"; path = "Target Support Files/Pods-GETHUB/Pods-GETHUB.release.xcconfig"; sourceTree = "<group>"; };
		2F3F8D1016507CB6B3BC9DD7 /* Pods-GETHUBTests.release.xcconfig */ = {isa = PBXFileReference; includeInIndex = 1; lastKnownFileType = text.xcconfig; name = "Pods-GETHUBTests.release.xcconfig"; path = "Target Support Files/Pods-GETHUBTests/Pods-GETHUBTests.release.xcconfig"; sourceTree = "<group>"; };
		64DCD15F79F296741DA64D0F /* Pods_GETHUBTests.framework */ = {isa = PBXFileReference; explicitFileType = wrapper.framework; includeInIndex = 0; path = Pods_GETHUBTests.framework; sourceTree = BUILT_PRODUCTS_DIR; };
		8F3440165BD9A66FB8E12BE6 /* Pods-GETHUB.debug.xcconfig */ = {isa = PBXFileReference; includeInIndex = 1; lastKnownFileType = text.xcconfig; name = "Pods-GETHUB.debug.xcconfig"; path = "Target Support Files/Pods-GETHUB/Pods-GETHUB.debug.xcconfig"; sourceTree = "<group>"; };
		982D3F4AFDC8627CDE967BA5 /* Pods-GETHUB-GETHUBUITests.release.xcconfig */ = {isa = PBXFileReference; includeInIndex = 1; lastKnownFileType = text.xcconfig; name = "Pods-GETHUB-GETHUBUITests.release.xcconfig"; path = "Target Support Files/Pods-GETHUB-GETHUBUITests/Pods-GETHUB-GETHUBUITests.release.xcconfig"; sourceTree = "<group>"; };
		C478A326F1FB2F3344B2EB65 /* Pods-GETHUBTests.debug.xcconfig */ = {isa = PBXFileReference; includeInIndex = 1; lastKnownFileType = text.xcconfig; name = "Pods-GETHUBTests.debug.xcconfig"; path = "Target Support Files/Pods-GETHUBTests/Pods-GETHUBTests.debug.xcconfig"; sourceTree = "<group>"; };
		C8BF41C1270DBD6100F20DB2 /* GETHUB.app */ = {isa = PBXFileReference; explicitFileType = wrapper.application; includeInIndex = 0; path = GETHUB.app; sourceTree = BUILT_PRODUCTS_DIR; };
		C8BF41C4270DBD6100F20DB2 /* AppDelegate.swift */ = {isa = PBXFileReference; lastKnownFileType = sourcecode.swift; path = AppDelegate.swift; sourceTree = "<group>"; };
		C8BF41C6270DBD6100F20DB2 /* SceneDelegate.swift */ = {isa = PBXFileReference; lastKnownFileType = sourcecode.swift; path = SceneDelegate.swift; sourceTree = "<group>"; };
		C8BF41CD270DBD6400F20DB2 /* Assets.xcassets */ = {isa = PBXFileReference; lastKnownFileType = folder.assetcatalog; path = Assets.xcassets; sourceTree = "<group>"; };
		C8BF41D0270DBD6400F20DB2 /* Base */ = {isa = PBXFileReference; lastKnownFileType = file.storyboard; name = Base; path = Base.lproj/LaunchScreen.storyboard; sourceTree = "<group>"; };
		C8BF41D2270DBD6400F20DB2 /* Info.plist */ = {isa = PBXFileReference; lastKnownFileType = text.plist.xml; path = Info.plist; sourceTree = "<group>"; };
		C8BF41D7270DBD6400F20DB2 /* GETHUBTests.xctest */ = {isa = PBXFileReference; explicitFileType = wrapper.cfbundle; includeInIndex = 0; path = GETHUBTests.xctest; sourceTree = BUILT_PRODUCTS_DIR; };
		C8BF41DB270DBD6400F20DB2 /* GETHUBTests.swift */ = {isa = PBXFileReference; lastKnownFileType = sourcecode.swift; path = GETHUBTests.swift; sourceTree = "<group>"; };
		C8BF41E1270DBD6400F20DB2 /* GETHUBUITests.xctest */ = {isa = PBXFileReference; explicitFileType = wrapper.cfbundle; includeInIndex = 0; path = GETHUBUITests.xctest; sourceTree = BUILT_PRODUCTS_DIR; };
		C8BF41E5270DBD6400F20DB2 /* GETHUBUITests.swift */ = {isa = PBXFileReference; lastKnownFileType = sourcecode.swift; path = GETHUBUITests.swift; sourceTree = "<group>"; };
		C8BF41E7270DBD6400F20DB2 /* GETHUBUITestsLaunchTests.swift */ = {isa = PBXFileReference; lastKnownFileType = sourcecode.swift; path = GETHUBUITestsLaunchTests.swift; sourceTree = "<group>"; };
		C8BF41F8270EE0EA00F20DB2 /* githubNameViewController.swift */ = {isa = PBXFileReference; lastKnownFileType = sourcecode.swift; path = githubNameViewController.swift; sourceTree = "<group>"; };
		C8BF41FC270FEC3900F20DB2 /* showAPIViewController.swift */ = {isa = PBXFileReference; lastKnownFileType = sourcecode.swift; path = showAPIViewController.swift; sourceTree = "<group>"; };
		DC26C9E784C1435FABEC4F30 /* Pods_GETHUB.framework */ = {isa = PBXFileReference; explicitFileType = wrapper.framework; includeInIndex = 0; path = Pods_GETHUB.framework; sourceTree = BUILT_PRODUCTS_DIR; };
		E0881A4ECEC97E4003B400D8 /* Pods-GETHUB-GETHUBUITests.debug.xcconfig */ = {isa = PBXFileReference; includeInIndex = 1; lastKnownFileType = text.xcconfig; name = "Pods-GETHUB-GETHUBUITests.debug.xcconfig"; path = "Target Support Files/Pods-GETHUB-GETHUBUITests/Pods-GETHUB-GETHUBUITests.debug.xcconfig"; sourceTree = "<group>"; };
		F64D265917E26F4C062C1C6E /* Pods_GETHUB_GETHUBUITests.framework */ = {isa = PBXFileReference; explicitFileType = wrapper.framework; includeInIndex = 0; path = Pods_GETHUB_GETHUBUITests.framework; sourceTree = BUILT_PRODUCTS_DIR; };
/* End PBXFileReference section */

/* Begin PBXFrameworksBuildPhase section */
		C8BF41BE270DBD6100F20DB2 /* Frameworks */ = {
			isa = PBXFrameworksBuildPhase;
			buildActionMask = 2147483647;
			files = (
				C8BF42002715CB7300F20DB2 /* OctoKit in Frameworks */,
				5B30D12E71F29EEA53ED546D /* Pods_GETHUB.framework in Frameworks */,
			);
			runOnlyForDeploymentPostprocessing = 0;
		};
		C8BF41D4270DBD6400F20DB2 /* Frameworks */ = {
			isa = PBXFrameworksBuildPhase;
			buildActionMask = 2147483647;
			files = (
				CA6174C46C4BD4ADDB383B25 /* Pods_GETHUBTests.framework in Frameworks */,
			);
			runOnlyForDeploymentPostprocessing = 0;
		};
		C8BF41DE270DBD6400F20DB2 /* Frameworks */ = {
			isa = PBXFrameworksBuildPhase;
			buildActionMask = 2147483647;
			files = (
				6B99EDA3C995477E8E282F91 /* Pods_GETHUB_GETHUBUITests.framework in Frameworks */,
			);
			runOnlyForDeploymentPostprocessing = 0;
		};
/* End PBXFrameworksBuildPhase section */

/* Begin PBXGroup section */
		C8BF41B8270DBD6100F20DB2 = {
			isa = PBXGroup;
			children = (
				C8BF41C3270DBD6100F20DB2 /* GETHUB */,
				C8BF41DA270DBD6400F20DB2 /* GETHUBTests */,
				C8BF41E4270DBD6400F20DB2 /* GETHUBUITests */,
				C8BF41C2270DBD6100F20DB2 /* Products */,
				FC4CA0E7AF802876058F366E /* Pods */,
				D0B12E7D5ACA7D5B9CF3D800 /* Frameworks */,
			);
			sourceTree = "<group>";
		};
		C8BF41C2270DBD6100F20DB2 /* Products */ = {
			isa = PBXGroup;
			children = (
				C8BF41C1270DBD6100F20DB2 /* GETHUB.app */,
				C8BF41D7270DBD6400F20DB2 /* GETHUBTests.xctest */,
				C8BF41E1270DBD6400F20DB2 /* GETHUBUITests.xctest */,
			);
			name = Products;
			sourceTree = "<group>";
		};
		C8BF41C3270DBD6100F20DB2 /* GETHUB */ = {
			isa = PBXGroup;
			children = (
				C8BF41F6270EE0A500F20DB2 /* App */,
				C8BF41F7270EE0C300F20DB2 /* viewController */,
				C8BF41CD270DBD6400F20DB2 /* Assets.xcassets */,
				C8BF41CF270DBD6400F20DB2 /* LaunchScreen.storyboard */,
				C8BF41D2270DBD6400F20DB2 /* Info.plist */,
			);
			path = GETHUB;
			sourceTree = "<group>";
		};
		C8BF41DA270DBD6400F20DB2 /* GETHUBTests */ = {
			isa = PBXGroup;
			children = (
				C8BF41DB270DBD6400F20DB2 /* GETHUBTests.swift */,
			);
			path = GETHUBTests;
			sourceTree = "<group>";
		};
		C8BF41E4270DBD6400F20DB2 /* GETHUBUITests */ = {
			isa = PBXGroup;
			children = (
				C8BF41E5270DBD6400F20DB2 /* GETHUBUITests.swift */,
				C8BF41E7270DBD6400F20DB2 /* GETHUBUITestsLaunchTests.swift */,
			);
			path = GETHUBUITests;
			sourceTree = "<group>";
		};
		C8BF41F6270EE0A500F20DB2 /* App */ = {
			isa = PBXGroup;
			children = (
				C8BF41C4270DBD6100F20DB2 /* AppDelegate.swift */,
				C8BF41C6270DBD6100F20DB2 /* SceneDelegate.swift */,
			);
			path = App;
			sourceTree = "<group>";
		};
		C8BF41F7270EE0C300F20DB2 /* viewController */ = {
			isa = PBXGroup;
			children = (
				C8BF41F8270EE0EA00F20DB2 /* githubNameViewController.swift */,
				C8BF41FC270FEC3900F20DB2 /* showAPIViewController.swift */,
			);
			name = viewController;
			sourceTree = "<group>";
		};
		D0B12E7D5ACA7D5B9CF3D800 /* Frameworks */ = {
			isa = PBXGroup;
			children = (
				DC26C9E784C1435FABEC4F30 /* Pods_GETHUB.framework */,
				F64D265917E26F4C062C1C6E /* Pods_GETHUB_GETHUBUITests.framework */,
				64DCD15F79F296741DA64D0F /* Pods_GETHUBTests.framework */,
			);
			name = Frameworks;
			sourceTree = "<group>";
		};
		FC4CA0E7AF802876058F366E /* Pods */ = {
			isa = PBXGroup;
			children = (
				8F3440165BD9A66FB8E12BE6 /* Pods-GETHUB.debug.xcconfig */,
				099D39ED52F381800094AF40 /* Pods-GETHUB.release.xcconfig */,
				E0881A4ECEC97E4003B400D8 /* Pods-GETHUB-GETHUBUITests.debug.xcconfig */,
				982D3F4AFDC8627CDE967BA5 /* Pods-GETHUB-GETHUBUITests.release.xcconfig */,
				C478A326F1FB2F3344B2EB65 /* Pods-GETHUBTests.debug.xcconfig */,
				2F3F8D1016507CB6B3BC9DD7 /* Pods-GETHUBTests.release.xcconfig */,
			);
			path = Pods;
			sourceTree = "<group>";
		};
/* End PBXGroup section */

/* Begin PBXNativeTarget section */
		C8BF41C0270DBD6100F20DB2 /* GETHUB */ = {
			isa = PBXNativeTarget;
			buildConfigurationList = C8BF41EB270DBD6400F20DB2 /* Build configuration list for PBXNativeTarget "GETHUB" */;
			buildPhases = (
				97C995A67CCE01943324106B /* [CP] Check Pods Manifest.lock */,
				C8BF41BD270DBD6100F20DB2 /* Sources */,
				C8BF41BE270DBD6100F20DB2 /* Frameworks */,
				C8BF41BF270DBD6100F20DB2 /* Resources */,
				848955F93637FCEF3234C963 /* [CP] Embed Pods Frameworks */,
			);
			buildRules = (
			);
			dependencies = (
			);
			name = GETHUB;
			packageProductDependencies = (
				C8BF41FF2715CB7300F20DB2 /* OctoKit */,
			);
			productName = GETHUB;
			productReference = C8BF41C1270DBD6100F20DB2 /* GETHUB.app */;
			productType = "com.apple.product-type.application";
		};
		C8BF41D6270DBD6400F20DB2 /* GETHUBTests */ = {
			isa = PBXNativeTarget;
			buildConfigurationList = C8BF41EE270DBD6400F20DB2 /* Build configuration list for PBXNativeTarget "GETHUBTests" */;
			buildPhases = (
				24000A845BBB83BAC92028E9 /* [CP] Check Pods Manifest.lock */,
				C8BF41D3270DBD6400F20DB2 /* Sources */,
				C8BF41D4270DBD6400F20DB2 /* Frameworks */,
				C8BF41D5270DBD6400F20DB2 /* Resources */,
			);
			buildRules = (
			);
			dependencies = (
				C8BF41D9270DBD6400F20DB2 /* PBXTargetDependency */,
			);
			name = GETHUBTests;
			productName = GETHUBTests;
			productReference = C8BF41D7270DBD6400F20DB2 /* GETHUBTests.xctest */;
			productType = "com.apple.product-type.bundle.unit-test";
		};
		C8BF41E0270DBD6400F20DB2 /* GETHUBUITests */ = {
			isa = PBXNativeTarget;
			buildConfigurationList = C8BF41F1270DBD6400F20DB2 /* Build configuration list for PBXNativeTarget "GETHUBUITests" */;
			buildPhases = (
				1528F4FFD615E699BCBEDAC2 /* [CP] Check Pods Manifest.lock */,
				C8BF41DD270DBD6400F20DB2 /* Sources */,
				C8BF41DE270DBD6400F20DB2 /* Frameworks */,
				C8BF41DF270DBD6400F20DB2 /* Resources */,
				EB8D409860EA5E039FABD832 /* [CP] Embed Pods Frameworks */,
			);
			buildRules = (
			);
			dependencies = (
				C8BF41E3270DBD6400F20DB2 /* PBXTargetDependency */,
			);
			name = GETHUBUITests;
			productName = GETHUBUITests;
			productReference = C8BF41E1270DBD6400F20DB2 /* GETHUBUITests.xctest */;
			productType = "com.apple.product-type.bundle.ui-testing";
		};
/* End PBXNativeTarget section */

/* Begin PBXProject section */
		C8BF41B9270DBD6100F20DB2 /* Project object */ = {
			isa = PBXProject;
			attributes = {
				BuildIndependentTargetsInParallel = 1;
				LastSwiftUpdateCheck = 1300;
				LastUpgradeCheck = 1300;
				TargetAttributes = {
					C8BF41C0270DBD6100F20DB2 = {
						CreatedOnToolsVersion = 13.0;
					};
					C8BF41D6270DBD6400F20DB2 = {
						CreatedOnToolsVersion = 13.0;
						TestTargetID = C8BF41C0270DBD6100F20DB2;
					};
					C8BF41E0270DBD6400F20DB2 = {
						CreatedOnToolsVersion = 13.0;
						TestTargetID = C8BF41C0270DBD6100F20DB2;
					};
				};
			};
			buildConfigurationList = C8BF41BC270DBD6100F20DB2 /* Build configuration list for PBXProject "GETHUB" */;
			compatibilityVersion = "Xcode 13.0";
			developmentRegion = en;
			hasScannedForEncodings = 0;
			knownRegions = (
				en,
				Base,
			);
			mainGroup = C8BF41B8270DBD6100F20DB2;
			packageReferences = (
				C8BF41FE2715CB7300F20DB2 /* XCRemoteSwiftPackageReference "octokit" */,
			);
			productRefGroup = C8BF41C2270DBD6100F20DB2 /* Products */;
			projectDirPath = "";
			projectRoot = "";
			targets = (
				C8BF41C0270DBD6100F20DB2 /* GETHUB */,
				C8BF41D6270DBD6400F20DB2 /* GETHUBTests */,
				C8BF41E0270DBD6400F20DB2 /* GETHUBUITests */,
			);
		};
/* End PBXProject section */

/* Begin PBXResourcesBuildPhase section */
		C8BF41BF270DBD6100F20DB2 /* Resources */ = {
			isa = PBXResourcesBuildPhase;
			buildActionMask = 2147483647;
			files = (
				C8BF41D1270DBD6400F20DB2 /* LaunchScreen.storyboard in Resources */,
				C8BF41CE270DBD6400F20DB2 /* Assets.xcassets in Resources */,
			);
			runOnlyForDeploymentPostprocessing = 0;
		};
		C8BF41D5270DBD6400F20DB2 /* Resources */ = {
			isa = PBXResourcesBuildPhase;
			buildActionMask = 2147483647;
			files = (
			);
			runOnlyForDeploymentPostprocessing = 0;
		};
		C8BF41DF270DBD6400F20DB2 /* Resources */ = {
			isa = PBXResourcesBuildPhase;
			buildActionMask = 2147483647;
			files = (
			);
			runOnlyForDeploymentPostprocessing = 0;
		};
/* End PBXResourcesBuildPhase section */

/* Begin PBXShellScriptBuildPhase section */
		1528F4FFD615E699BCBEDAC2 /* [CP] Check Pods Manifest.lock */ = {
			isa = PBXShellScriptBuildPhase;
			buildActionMask = 2147483647;
			files = (
			);
			inputFileListPaths = (
			);
			inputPaths = (
				"${PODS_PODFILE_DIR_PATH}/Podfile.lock",
				"${PODS_ROOT}/Manifest.lock",
			);
			name = "[CP] Check Pods Manifest.lock";
			outputFileListPaths = (
			);
			outputPaths = (
				"$(DERIVED_FILE_DIR)/Pods-GETHUB-GETHUBUITests-checkManifestLockResult.txt",
			);
			runOnlyForDeploymentPostprocessing = 0;
			shellPath = /bin/sh;
			shellScript = "diff \"${PODS_PODFILE_DIR_PATH}/Podfile.lock\" \"${PODS_ROOT}/Manifest.lock\" > /dev/null\nif [ $? != 0 ] ; then\n    # print error to STDERR\n    echo \"error: The sandbox is not in sync with the Podfile.lock. Run 'pod install' or update your CocoaPods installation.\" >&2\n    exit 1\nfi\n# This output is used by Xcode 'outputs' to avoid re-running this script phase.\necho \"SUCCESS\" > \"${SCRIPT_OUTPUT_FILE_0}\"\n";
			showEnvVarsInLog = 0;
		};
		24000A845BBB83BAC92028E9 /* [CP] Check Pods Manifest.lock */ = {
			isa = PBXShellScriptBuildPhase;
			buildActionMask = 2147483647;
			files = (
			);
			inputFileListPaths = (
			);
			inputPaths = (
				"${PODS_PODFILE_DIR_PATH}/Podfile.lock",
				"${PODS_ROOT}/Manifest.lock",
			);
			name = "[CP] Check Pods Manifest.lock";
			outputFileListPaths = (
			);
			outputPaths = (
				"$(DERIVED_FILE_DIR)/Pods-GETHUBTests-checkManifestLockResult.txt",
			);
			runOnlyForDeploymentPostprocessing = 0;
			shellPath = /bin/sh;
			shellScript = "diff \"${PODS_PODFILE_DIR_PATH}/Podfile.lock\" \"${PODS_ROOT}/Manifest.lock\" > /dev/null\nif [ $? != 0 ] ; then\n    # print error to STDERR\n    echo \"error: The sandbox is not in sync with the Podfile.lock. Run 'pod install' or update your CocoaPods installation.\" >&2\n    exit 1\nfi\n# This output is used by Xcode 'outputs' to avoid re-running this script phase.\necho \"SUCCESS\" > \"${SCRIPT_OUTPUT_FILE_0}\"\n";
			showEnvVarsInLog = 0;
		};
		848955F93637FCEF3234C963 /* [CP] Embed Pods Frameworks */ = {
			isa = PBXShellScriptBuildPhase;
			buildActionMask = 2147483647;
			files = (
			);
			inputFileListPaths = (
				"${PODS_ROOT}/Target Support Files/Pods-GETHUB/Pods-GETHUB-frameworks-${CONFIGURATION}-input-files.xcfilelist",
			);
			name = "[CP] Embed Pods Frameworks";
			outputFileListPaths = (
				"${PODS_ROOT}/Target Support Files/Pods-GETHUB/Pods-GETHUB-frameworks-${CONFIGURATION}-output-files.xcfilelist",
			);
			runOnlyForDeploymentPostprocessing = 0;
			shellPath = /bin/sh;
			shellScript = "\"${PODS_ROOT}/Target Support Files/Pods-GETHUB/Pods-GETHUB-frameworks.sh\"\n";
			showEnvVarsInLog = 0;
		};
		97C995A67CCE01943324106B /* [CP] Check Pods Manifest.lock */ = {
			isa = PBXShellScriptBuildPhase;
			buildActionMask = 2147483647;
			files = (
			);
			inputFileListPaths = (
			);
			inputPaths = (
				"${PODS_PODFILE_DIR_PATH}/Podfile.lock",
				"${PODS_ROOT}/Manifest.lock",
			);
			name = "[CP] Check Pods Manifest.lock";
			outputFileListPaths = (
			);
			outputPaths = (
				"$(DERIVED_FILE_DIR)/Pods-GETHUB-checkManifestLockResult.txt",
			);
			runOnlyForDeploymentPostprocessing = 0;
			shellPath = /bin/sh;
			shellScript = "diff \"${PODS_PODFILE_DIR_PATH}/Podfile.lock\" \"${PODS_ROOT}/Manifest.lock\" > /dev/null\nif [ $? != 0 ] ; then\n    # print error to STDERR\n    echo \"error: The sandbox is not in sync with the Podfile.lock. Run 'pod install' or update your CocoaPods installation.\" >&2\n    exit 1\nfi\n# This output is used by Xcode 'outputs' to avoid re-running this script phase.\necho \"SUCCESS\" > \"${SCRIPT_OUTPUT_FILE_0}\"\n";
			showEnvVarsInLog = 0;
		};
		EB8D409860EA5E039FABD832 /* [CP] Embed Pods Frameworks */ = {
			isa = PBXShellScriptBuildPhase;
			buildActionMask = 2147483647;
			files = (
			);
			inputFileListPaths = (
				"${PODS_ROOT}/Target Support Files/Pods-GETHUB-GETHUBUITests/Pods-GETHUB-GETHUBUITests-frameworks-${CONFIGURATION}-input-files.xcfilelist",
			);
			name = "[CP] Embed Pods Frameworks";
			outputFileListPaths = (
				"${PODS_ROOT}/Target Support Files/Pods-GETHUB-GETHUBUITests/Pods-GETHUB-GETHUBUITests-frameworks-${CONFIGURATION}-output-files.xcfilelist",
			);
			runOnlyForDeploymentPostprocessing = 0;
			shellPath = /bin/sh;
			shellScript = "\"${PODS_ROOT}/Target Support Files/Pods-GETHUB-GETHUBUITests/Pods-GETHUB-GETHUBUITests-frameworks.sh\"\n";
			showEnvVarsInLog = 0;
		};
/* End PBXShellScriptBuildPhase section */

/* Begin PBXSourcesBuildPhase section */
		C8BF41BD270DBD6100F20DB2 /* Sources */ = {
			isa = PBXSourcesBuildPhase;
			buildActionMask = 2147483647;
			files = (
				C8BF41FD270FEC3900F20DB2 /* showAPIViewController.swift in Sources */,
				C8BF41F9270EE0EA00F20DB2 /* githubNameViewController.swift in Sources */,
				C8BF41C5270DBD6100F20DB2 /* AppDelegate.swift in Sources */,
				C8BF41C7270DBD6100F20DB2 /* SceneDelegate.swift in Sources */,
			);
			runOnlyForDeploymentPostprocessing = 0;
		};
		C8BF41D3270DBD6400F20DB2 /* Sources */ = {
			isa = PBXSourcesBuildPhase;
			buildActionMask = 2147483647;
			files = (
				C8BF41DC270DBD6400F20DB2 /* GETHUBTests.swift in Sources */,
			);
			runOnlyForDeploymentPostprocessing = 0;
		};
		C8BF41DD270DBD6400F20DB2 /* Sources */ = {
			isa = PBXSourcesBuildPhase;
			buildActionMask = 2147483647;
			files = (
				C8BF41E6270DBD6400F20DB2 /* GETHUBUITests.swift in Sources */,
				C8BF41E8270DBD6400F20DB2 /* GETHUBUITestsLaunchTests.swift in Sources */,
			);
			runOnlyForDeploymentPostprocessing = 0;
		};
/* End PBXSourcesBuildPhase section */

/* Begin PBXTargetDependency section */
		C8BF41D9270DBD6400F20DB2 /* PBXTargetDependency */ = {
			isa = PBXTargetDependency;
			target = C8BF41C0270DBD6100F20DB2 /* GETHUB */;
			targetProxy = C8BF41D8270DBD6400F20DB2 /* PBXContainerItemProxy */;
		};
		C8BF41E3270DBD6400F20DB2 /* PBXTargetDependency */ = {
			isa = PBXTargetDependency;
			target = C8BF41C0270DBD6100F20DB2 /* GETHUB */;
			targetProxy = C8BF41E2270DBD6400F20DB2 /* PBXContainerItemProxy */;
		};
/* End PBXTargetDependency section */

/* Begin PBXVariantGroup section */
		C8BF41CF270DBD6400F20DB2 /* LaunchScreen.storyboard */ = {
			isa = PBXVariantGroup;
			children = (
				C8BF41D0270DBD6400F20DB2 /* Base */,
			);
			name = LaunchScreen.storyboard;
			sourceTree = "<group>";
		};
/* End PBXVariantGroup section */

/* Begin XCBuildConfiguration section */
		C8BF41E9270DBD6400F20DB2 /* Debug */ = {
			isa = XCBuildConfiguration;
			buildSettings = {
				ALWAYS_SEARCH_USER_PATHS = NO;
				CLANG_ANALYZER_NONNULL = YES;
				CLANG_ANALYZER_NUMBER_OBJECT_CONVERSION = YES_AGGRESSIVE;
				CLANG_CXX_LANGUAGE_STANDARD = "gnu++17";
				CLANG_CXX_LIBRARY = "libc++";
				CLANG_ENABLE_MODULES = YES;
				CLANG_ENABLE_OBJC_ARC = YES;
				CLANG_ENABLE_OBJC_WEAK = YES;
				CLANG_WARN_BLOCK_CAPTURE_AUTORELEASING = YES;
				CLANG_WARN_BOOL_CONVERSION = YES;
				CLANG_WARN_COMMA = YES;
				CLANG_WARN_CONSTANT_CONVERSION = YES;
				CLANG_WARN_DEPRECATED_OBJC_IMPLEMENTATIONS = YES;
				CLANG_WARN_DIRECT_OBJC_ISA_USAGE = YES_ERROR;
				CLANG_WARN_DOCUMENTATION_COMMENTS = YES;
				CLANG_WARN_EMPTY_BODY = YES;
				CLANG_WARN_ENUM_CONVERSION = YES;
				CLANG_WARN_INFINITE_RECURSION = YES;
				CLANG_WARN_INT_CONVERSION = YES;
				CLANG_WARN_NON_LITERAL_NULL_CONVERSION = YES;
				CLANG_WARN_OBJC_IMPLICIT_RETAIN_SELF = YES;
				CLANG_WARN_OBJC_LITERAL_CONVERSION = YES;
				CLANG_WARN_OBJC_ROOT_CLASS = YES_ERROR;
				CLANG_WARN_QUOTED_INCLUDE_IN_FRAMEWORK_HEADER = YES;
				CLANG_WARN_RANGE_LOOP_ANALYSIS = YES;
				CLANG_WARN_STRICT_PROTOTYPES = YES;
				CLANG_WARN_SUSPICIOUS_MOVE = YES;
				CLANG_WARN_UNGUARDED_AVAILABILITY = YES_AGGRESSIVE;
				CLANG_WARN_UNREACHABLE_CODE = YES;
				CLANG_WARN__DUPLICATE_METHOD_MATCH = YES;
				COPY_PHASE_STRIP = NO;
				DEBUG_INFORMATION_FORMAT = dwarf;
				ENABLE_STRICT_OBJC_MSGSEND = YES;
				ENABLE_TESTABILITY = YES;
				GCC_C_LANGUAGE_STANDARD = gnu11;
				GCC_DYNAMIC_NO_PIC = NO;
				GCC_NO_COMMON_BLOCKS = YES;
				GCC_OPTIMIZATION_LEVEL = 0;
				GCC_PREPROCESSOR_DEFINITIONS = (
					"DEBUG=1",
					"$(inherited)",
				);
				GCC_WARN_64_TO_32_BIT_CONVERSION = YES;
				GCC_WARN_ABOUT_RETURN_TYPE = YES_ERROR;
				GCC_WARN_UNDECLARED_SELECTOR = YES;
				GCC_WARN_UNINITIALIZED_AUTOS = YES_AGGRESSIVE;
				GCC_WARN_UNUSED_FUNCTION = YES;
				GCC_WARN_UNUSED_VARIABLE = YES;
				IPHONEOS_DEPLOYMENT_TARGET = 15.0;
				MTL_ENABLE_DEBUG_INFO = INCLUDE_SOURCE;
				MTL_FAST_MATH = YES;
				ONLY_ACTIVE_ARCH = YES;
				SDKROOT = iphoneos;
				SWIFT_ACTIVE_COMPILATION_CONDITIONS = DEBUG;
				SWIFT_OPTIMIZATION_LEVEL = "-Onone";
			};
			name = Debug;
		};
		C8BF41EA270DBD6400F20DB2 /* Release */ = {
			isa = XCBuildConfiguration;
			buildSettings = {
				ALWAYS_SEARCH_USER_PATHS = NO;
				CLANG_ANALYZER_NONNULL = YES;
				CLANG_ANALYZER_NUMBER_OBJECT_CONVERSION = YES_AGGRESSIVE;
				CLANG_CXX_LANGUAGE_STANDARD = "gnu++17";
				CLANG_CXX_LIBRARY = "libc++";
				CLANG_ENABLE_MODULES = YES;
				CLANG_ENABLE_OBJC_ARC = YES;
				CLANG_ENABLE_OBJC_WEAK = YES;
				CLANG_WARN_BLOCK_CAPTURE_AUTORELEASING = YES;
				CLANG_WARN_BOOL_CONVERSION = YES;
				CLANG_WARN_COMMA = YES;
				CLANG_WARN_CONSTANT_CONVERSION = YES;
				CLANG_WARN_DEPRECATED_OBJC_IMPLEMENTATIONS = YES;
				CLANG_WARN_DIRECT_OBJC_ISA_USAGE = YES_ERROR;
				CLANG_WARN_DOCUMENTATION_COMMENTS = YES;
				CLANG_WARN_EMPTY_BODY = YES;
				CLANG_WARN_ENUM_CONVERSION = YES;
				CLANG_WARN_INFINITE_RECURSION = YES;
				CLANG_WARN_INT_CONVERSION = YES;
				CLANG_WARN_NON_LITERAL_NULL_CONVERSION = YES;
				CLANG_WARN_OBJC_IMPLICIT_RETAIN_SELF = YES;
				CLANG_WARN_OBJC_LITERAL_CONVERSION = YES;
				CLANG_WARN_OBJC_ROOT_CLASS = YES_ERROR;
				CLANG_WARN_QUOTED_INCLUDE_IN_FRAMEWORK_HEADER = YES;
				CLANG_WARN_RANGE_LOOP_ANALYSIS = YES;
				CLANG_WARN_STRICT_PROTOTYPES = YES;
				CLANG_WARN_SUSPICIOUS_MOVE = YES;
				CLANG_WARN_UNGUARDED_AVAILABILITY = YES_AGGRESSIVE;
				CLANG_WARN_UNREACHABLE_CODE = YES;
				CLANG_WARN__DUPLICATE_METHOD_MATCH = YES;
				COPY_PHASE_STRIP = NO;
				DEBUG_INFORMATION_FORMAT = "dwarf-with-dsym";
				ENABLE_NS_ASSERTIONS = NO;
				ENABLE_STRICT_OBJC_MSGSEND = YES;
				GCC_C_LANGUAGE_STANDARD = gnu11;
				GCC_NO_COMMON_BLOCKS = YES;
				GCC_WARN_64_TO_32_BIT_CONVERSION = YES;
				GCC_WARN_ABOUT_RETURN_TYPE = YES_ERROR;
				GCC_WARN_UNDECLARED_SELECTOR = YES;
				GCC_WARN_UNINITIALIZED_AUTOS = YES_AGGRESSIVE;
				GCC_WARN_UNUSED_FUNCTION = YES;
				GCC_WARN_UNUSED_VARIABLE = YES;
				IPHONEOS_DEPLOYMENT_TARGET = 15.0;
				MTL_ENABLE_DEBUG_INFO = NO;
				MTL_FAST_MATH = YES;
				SDKROOT = iphoneos;
				SWIFT_COMPILATION_MODE = wholemodule;
				SWIFT_OPTIMIZATION_LEVEL = "-O";
				VALIDATE_PRODUCT = YES;
			};
			name = Release;
		};
		C8BF41EC270DBD6400F20DB2 /* Debug */ = {
			isa = XCBuildConfiguration;
			baseConfigurationReference = 8F3440165BD9A66FB8E12BE6 /* Pods-GETHUB.debug.xcconfig */;
			buildSettings = {
				ASSETCATALOG_COMPILER_APPICON_NAME = AppIcon;
				ASSETCATALOG_COMPILER_GLOBAL_ACCENT_COLOR_NAME = AccentColor;
				CODE_SIGN_STYLE = Automatic;
				CURRENT_PROJECT_VERSION = 1;
				DEVELOPMENT_TEAM = ZW43FFWC7M;
				GENERATE_INFOPLIST_FILE = YES;
				INFOPLIST_FILE = GETHUB/Info.plist;
				INFOPLIST_KEY_UIApplicationSupportsIndirectInputEvents = YES;
				INFOPLIST_KEY_UILaunchStoryboardName = LaunchScreen;
				INFOPLIST_KEY_UISupportedInterfaceOrientations_iPad = "UIInterfaceOrientationPortrait UIInterfaceOrientationPortraitUpsideDown UIInterfaceOrientationLandscapeLeft UIInterfaceOrientationLandscapeRight";
				INFOPLIST_KEY_UISupportedInterfaceOrientations_iPhone = "UIInterfaceOrientationPortrait UIInterfaceOrientationLandscapeLeft UIInterfaceOrientationLandscapeRight";
				LD_RUNPATH_SEARCH_PATHS = (
					"$(inherited)",
					"@executable_path/Frameworks",
				);
				MARKETING_VERSION = 1.0;
				PRODUCT_BUNDLE_IDENTIFIER = PersonalTeam.GETHUB;
				PRODUCT_NAME = "$(TARGET_NAME)";
				SWIFT_EMIT_LOC_STRINGS = YES;
				SWIFT_VERSION = 5.0;
				TARGETED_DEVICE_FAMILY = "1,2";
			};
			name = Debug;
		};
		C8BF41ED270DBD6400F20DB2 /* Release */ = {
			isa = XCBuildConfiguration;
			baseConfigurationReference = 099D39ED52F381800094AF40 /* Pods-GETHUB.release.xcconfig */;
			buildSettings = {
				ASSETCATALOG_COMPILER_APPICON_NAME = AppIcon;
				ASSETCATALOG_COMPILER_GLOBAL_ACCENT_COLOR_NAME = AccentColor;
				CODE_SIGN_STYLE = Automatic;
				CURRENT_PROJECT_VERSION = 1;
				DEVELOPMENT_TEAM = ZW43FFWC7M;
				GENERATE_INFOPLIST_FILE = YES;
				INFOPLIST_FILE = GETHUB/Info.plist;
				INFOPLIST_KEY_UIApplicationSupportsIndirectInputEvents = YES;
				INFOPLIST_KEY_UILaunchStoryboardName = LaunchScreen;
				INFOPLIST_KEY_UISupportedInterfaceOrientations_iPad = "UIInterfaceOrientationPortrait UIInterfaceOrientationPortraitUpsideDown UIInterfaceOrientationLandscapeLeft UIInterfaceOrientationLandscapeRight";
				INFOPLIST_KEY_UISupportedInterfaceOrientations_iPhone = "UIInterfaceOrientationPortrait UIInterfaceOrientationLandscapeLeft UIInterfaceOrientationLandscapeRight";
				LD_RUNPATH_SEARCH_PATHS = (
					"$(inherited)",
					"@executable_path/Frameworks",
				);
				MARKETING_VERSION = 1.0;
				PRODUCT_BUNDLE_IDENTIFIER = PersonalTeam.GETHUB;
				PRODUCT_NAME = "$(TARGET_NAME)";
				SWIFT_EMIT_LOC_STRINGS = YES;
				SWIFT_VERSION = 5.0;
				TARGETED_DEVICE_FAMILY = "1,2";
			};
			name = Release;
		};
		C8BF41EF270DBD6400F20DB2 /* Debug */ = {
			isa = XCBuildConfiguration;
			baseConfigurationReference = C478A326F1FB2F3344B2EB65 /* Pods-GETHUBTests.debug.xcconfig */;
			buildSettings = {
				ALWAYS_EMBED_SWIFT_STANDARD_LIBRARIES = YES;
				BUNDLE_LOADER = "$(TEST_HOST)";
				CODE_SIGN_STYLE = Automatic;
				CURRENT_PROJECT_VERSION = 1;
				DEVELOPMENT_TEAM = ZW43FFWC7M;
				GENERATE_INFOPLIST_FILE = YES;
				IPHONEOS_DEPLOYMENT_TARGET = 15.0;
				LD_RUNPATH_SEARCH_PATHS = (
					"$(inherited)",
					"@executable_path/Frameworks",
					"@loader_path/Frameworks",
				);
				MARKETING_VERSION = 1.0;
				PRODUCT_BUNDLE_IDENTIFIER = PersonalTeam.GETHUBTests;
				PRODUCT_NAME = "$(TARGET_NAME)";
				SWIFT_EMIT_LOC_STRINGS = NO;
				SWIFT_VERSION = 5.0;
				TARGETED_DEVICE_FAMILY = "1,2";
				TEST_HOST = "$(BUILT_PRODUCTS_DIR)/GETHUB.app/GETHUB";
			};
			name = Debug;
		};
		C8BF41F0270DBD6400F20DB2 /* Release */ = {
			isa = XCBuildConfiguration;
			baseConfigurationReference = 2F3F8D1016507CB6B3BC9DD7 /* Pods-GETHUBTests.release.xcconfig */;
			buildSettings = {
				ALWAYS_EMBED_SWIFT_STANDARD_LIBRARIES = YES;
				BUNDLE_LOADER = "$(TEST_HOST)";
				CODE_SIGN_STYLE = Automatic;
				CURRENT_PROJECT_VERSION = 1;
				DEVELOPMENT_TEAM = ZW43FFWC7M;
				GENERATE_INFOPLIST_FILE = YES;
				IPHONEOS_DEPLOYMENT_TARGET = 15.0;
				LD_RUNPATH_SEARCH_PATHS = (
					"$(inherited)",
					"@executable_path/Frameworks",
					"@loader_path/Frameworks",
				);
				MARKETING_VERSION = 1.0;
				PRODUCT_BUNDLE_IDENTIFIER = PersonalTeam.GETHUBTests;
				PRODUCT_NAME = "$(TARGET_NAME)";
				SWIFT_EMIT_LOC_STRINGS = NO;
				SWIFT_VERSION = 5.0;
				TARGETED_DEVICE_FAMILY = "1,2";
				TEST_HOST = "$(BUILT_PRODUCTS_DIR)/GETHUB.app/GETHUB";
			};
			name = Release;
		};
		C8BF41F2270DBD6400F20DB2 /* Debug */ = {
			isa = XCBuildConfiguration;
			baseConfigurationReference = E0881A4ECEC97E4003B400D8 /* Pods-GETHUB-GETHUBUITests.debug.xcconfig */;
			buildSettings = {
				ALWAYS_EMBED_SWIFT_STANDARD_LIBRARIES = YES;
				CODE_SIGN_STYLE = Automatic;
				CURRENT_PROJECT_VERSION = 1;
				DEVELOPMENT_TEAM = ZW43FFWC7M;
				GENERATE_INFOPLIST_FILE = YES;
				LD_RUNPATH_SEARCH_PATHS = (
					"$(inherited)",
					"@executable_path/Frameworks",
					"@loader_path/Frameworks",
				);
				MARKETING_VERSION = 1.0;
				PRODUCT_BUNDLE_IDENTIFIER = PersonalTeam.GETHUBUITests;
				PRODUCT_NAME = "$(TARGET_NAME)";
				SWIFT_EMIT_LOC_STRINGS = NO;
				SWIFT_VERSION = 5.0;
				TARGETED_DEVICE_FAMILY = "1,2";
				TEST_TARGET_NAME = GETHUB;
			};
			name = Debug;
		};
		C8BF41F3270DBD6400F20DB2 /* Release */ = {
			isa = XCBuildConfiguration;
			baseConfigurationReference = 982D3F4AFDC8627CDE967BA5 /* Pods-GETHUB-GETHUBUITests.release.xcconfig */;
			buildSettings = {
				ALWAYS_EMBED_SWIFT_STANDARD_LIBRARIES = YES;
				CODE_SIGN_STYLE = Automatic;
				CURRENT_PROJECT_VERSION = 1;
				DEVELOPMENT_TEAM = ZW43FFWC7M;
				GENERATE_INFOPLIST_FILE = YES;
				LD_RUNPATH_SEARCH_PATHS = (
					"$(inherited)",
					"@executable_path/Frameworks",
					"@loader_path/Frameworks",
				);
				MARKETING_VERSION = 1.0;
				PRODUCT_BUNDLE_IDENTIFIER = PersonalTeam.GETHUBUITests;
				PRODUCT_NAME = "$(TARGET_NAME)";
				SWIFT_EMIT_LOC_STRINGS = NO;
				SWIFT_VERSION = 5.0;
				TARGETED_DEVICE_FAMILY = "1,2";
				TEST_TARGET_NAME = GETHUB;
			};
			name = Release;
		};
/* End XCBuildConfiguration section */

/* Begin XCConfigurationList section */
		C8BF41BC270DBD6100F20DB2 /* Build configuration list for PBXProject "GETHUB" */ = {
			isa = XCConfigurationList;
			buildConfigurations = (
				C8BF41E9270DBD6400F20DB2 /* Debug */,
				C8BF41EA270DBD6400F20DB2 /* Release */,
			);
			defaultConfigurationIsVisible = 0;
			defaultConfigurationName = Release;
		};
		C8BF41EB270DBD6400F20DB2 /* Build configuration list for PBXNativeTarget "GETHUB" */ = {
			isa = XCConfigurationList;
			buildConfigurations = (
				C8BF41EC270DBD6400F20DB2 /* Debug */,
				C8BF41ED270DBD6400F20DB2 /* Release */,
			);
			defaultConfigurationIsVisible = 0;
			defaultConfigurationName = Release;
		};
		C8BF41EE270DBD6400F20DB2 /* Build configuration list for PBXNativeTarget "GETHUBTests" */ = {
			isa = XCConfigurationList;
			buildConfigurations = (
				C8BF41EF270DBD6400F20DB2 /* Debug */,
				C8BF41F0270DBD6400F20DB2 /* Release */,
			);
			defaultConfigurationIsVisible = 0;
			defaultConfigurationName = Release;
		};
		C8BF41F1270DBD6400F20DB2 /* Build configuration list for PBXNativeTarget "GETHUBUITests" */ = {
			isa = XCConfigurationList;
			buildConfigurations = (
				C8BF41F2270DBD6400F20DB2 /* Debug */,
				C8BF41F3270DBD6400F20DB2 /* Release */,
			);
			defaultConfigurationIsVisible = 0;
			defaultConfigurationName = Release;
		};
/* End XCConfigurationList section */

/* Begin XCRemoteSwiftPackageReference section */
		C8BF41FE2715CB7300F20DB2 /* XCRemoteSwiftPackageReference "octokit" */ = {
			isa = XCRemoteSwiftPackageReference;
			repositoryURL = "https://github.com/nerdishbynature/octokit.swift";
			requirement = {
				kind = upToNextMajorVersion;
				minimumVersion = 0.9.0;
			};
		};
/* End XCRemoteSwiftPackageReference section */

/* Begin XCSwiftPackageProductDependency section */
		C8BF41FF2715CB7300F20DB2 /* OctoKit */ = {
			isa = XCSwiftPackageProductDependency;
			package = C8BF41FE2715CB7300F20DB2 /* XCRemoteSwiftPackageReference "octokit" */;
			productName = OctoKit;
		};
/* End XCSwiftPackageProductDependency section */
	};
	rootObject = C8BF41B9270DBD6100F20DB2 /* Project object */;
}
